
Microsoft Visual Studio Solution File, Format Version 12.00
Project("{2150E333-8FDC-42A3-9474-1A3956D46DE8}") = "src", "src", "{0DD1F558-E531-4B0B-85BD-A94E5EEF9222}"
EndProject
Project("{2150E333-8FDC-42A3-9474-1A3956D46DE8}") = "tests", "tests", "{5FA04163-07D5-438F-868A-741A88FBB721}"
EndProject
Project("{2150E333-8FDC-42A3-9474-1A3956D46DE8}") = "Backend", "Backend", "{8A74C104-BC16-4A6D-8A6F-28B27EADD857}"
EndProject
Project("{2150E333-8FDC-42A3-9474-1A3956D46DE8}") = "Shared", "Shared", "{662DAD83-E17F-425B-910A-C0902C79D749}"
EndProject
Project("{2150E333-8FDC-42A3-9474-1A3956D46DE8}") = "Frontend", "Frontend", "{A26424DF-D724-4B8E-A82D-6F1E744A9ED6}"
EndProject
Project("{FAE04EC0-301F-11D3-BF4B-00C04F79EFBC}") = "RecipeBook.API", "src\Backend\RecipeBook.API\RecipeBook.API.csproj", "{A700CBE7-EE5A-451E-BED4-80D173F02AB3}"
EndProject
Project("{FAE04EC0-301F-11D3-BF4B-00C04F79EFBC}") = "RecipeBook.Application", "src\Backend\RecipeBook.Application\RecipeBook.Application.csproj", "{CE71429F-9CC2-4B37-99F7-61B32492DC39}"
EndProject
Project("{FAE04EC0-301F-11D3-BF4B-00C04F79EFBC}") = "RecipeBook.Domain", "src\Backend\RecipeBook.Domain\RecipeBook.Domain.csproj", "{D3BE7E31-2FAD-4C31-806B-3F61E40D20EA}"
EndProject
Project("{FAE04EC0-301F-11D3-BF4B-00C04F79EFBC}") = "RecipeBook.Infrastructure", "src\Backend\RecipeBook.Infrastructure\RecipeBook.Infrastructure.csproj", "{B38F647F-628F-498B-98FB-C44CA98EB249}"
EndProject
Project("{FAE04EC0-301F-11D3-BF4B-00C04F79EFBC}") = "RecipeBook.Communication", "src\Shared\RecipeBook.Communication\RecipeBook.Communication.csproj", "{C2314C34-0F37-451F-AB58-8EA10FCC8D00}"
EndProject
Project("{FAE04EC0-301F-11D3-BF4B-00C04F79EFBC}") = "RecipeBook.Exceptions", "src\Shared\RecipeBook.Exceptions\RecipeBook.Exceptions.csproj", "{A104007F-1796-4925-9E5A-D85C84988063}"
EndProject
Project("{FAE04EC0-301F-11D3-BF4B-00C04F79EFBC}") = "Validators.Test", "tests\Validators.Test\Validators.Test.csproj", "{50B5E8F5-545F-4F99-B151-9C7671D7224C}"
EndProject
Project("{FAE04EC0-301F-11D3-BF4B-00C04F79EFBC}") = "CommonTestUtils", "tests\CommonTestUtils\CommonTestUtils.csproj", "{94E2F455-16AA-43CC-92D1-6AED69812F77}"
EndProject
Project("{FAE04EC0-301F-11D3-BF4B-00C04F79EFBC}") = "UseCases.Test", "tests\UseCases.Test\UseCases.Test.csproj", "{D5E8A9F9-3E24-4244-AB0F-C5CFB98B6204}"
EndProject
Project("{FAE04EC0-301F-11D3-BF4B-00C04F79EFBC}") = "Api.Test", "tests\Api.Test\Api.Test.csproj", "{E571D759-9317-428E-A4D1-6DDBCA177199}"
EndProject
Global
	GlobalSection(SolutionConfigurationPlatforms) = preSolution
		Debug|Any CPU = Debug|Any CPU
		Release|Any CPU = Release|Any CPU
	EndGlobalSection
	GlobalSection(NestedProjects) = preSolution
		{8A74C104-BC16-4A6D-8A6F-28B27EADD857} = {0DD1F558-E531-4B0B-85BD-A94E5EEF9222}
		{662DAD83-E17F-425B-910A-C0902C79D749} = {0DD1F558-E531-4B0B-85BD-A94E5EEF9222}
		{A26424DF-D724-4B8E-A82D-6F1E744A9ED6} = {0DD1F558-E531-4B0B-85BD-A94E5EEF9222}
		{A700CBE7-EE5A-451E-BED4-80D173F02AB3} = {8A74C104-BC16-4A6D-8A6F-28B27EADD857}
		{CE71429F-9CC2-4B37-99F7-61B32492DC39} = {8A74C104-BC16-4A6D-8A6F-28B27EADD857}
		{D3BE7E31-2FAD-4C31-806B-3F61E40D20EA} = {8A74C104-BC16-4A6D-8A6F-28B27EADD857}
		{B38F647F-628F-498B-98FB-C44CA98EB249} = {8A74C104-BC16-4A6D-8A6F-28B27EADD857}
		{C2314C34-0F37-451F-AB58-8EA10FCC8D00} = {662DAD83-E17F-425B-910A-C0902C79D749}
		{A104007F-1796-4925-9E5A-D85C84988063} = {662DAD83-E17F-425B-910A-C0902C79D749}
		{50B5E8F5-545F-4F99-B151-9C7671D7224C} = {5FA04163-07D5-438F-868A-741A88FBB721}
		{94E2F455-16AA-43CC-92D1-6AED69812F77} = {5FA04163-07D5-438F-868A-741A88FBB721}
		{D5E8A9F9-3E24-4244-AB0F-C5CFB98B6204} = {5FA04163-07D5-438F-868A-741A88FBB721}
		{E571D759-9317-428E-A4D1-6DDBCA177199} = {5FA04163-07D5-438F-868A-741A88FBB721}
	EndGlobalSection
	GlobalSection(ProjectConfigurationPlatforms) = postSolution
		{A700CBE7-EE5A-451E-BED4-80D173F02AB3}.Debug|Any CPU.ActiveCfg = Debug|Any CPU
		{A700CBE7-EE5A-451E-BED4-80D173F02AB3}.Debug|Any CPU.Build.0 = Debug|Any CPU
		{A700CBE7-EE5A-451E-BED4-80D173F02AB3}.Release|Any CPU.ActiveCfg = Release|Any CPU
		{A700CBE7-EE5A-451E-BED4-80D173F02AB3}.Release|Any CPU.Build.0 = Release|Any CPU
		{CE71429F-9CC2-4B37-99F7-61B32492DC39}.Debug|Any CPU.ActiveCfg = Debug|Any CPU
		{CE71429F-9CC2-4B37-99F7-61B32492DC39}.Debug|Any CPU.Build.0 = Debug|Any CPU
		{CE71429F-9CC2-4B37-99F7-61B32492DC39}.Release|Any CPU.ActiveCfg = Release|Any CPU
		{CE71429F-9CC2-4B37-99F7-61B32492DC39}.Release|Any CPU.Build.0 = Release|Any CPU
		{D3BE7E31-2FAD-4C31-806B-3F61E40D20EA}.Debug|Any CPU.ActiveCfg = Debug|Any CPU
		{D3BE7E31-2FAD-4C31-806B-3F61E40D20EA}.Debug|Any CPU.Build.0 = Debug|Any CPU
		{D3BE7E31-2FAD-4C31-806B-3F61E40D20EA}.Release|Any CPU.ActiveCfg = Release|Any CPU
		{D3BE7E31-2FAD-4C31-806B-3F61E40D20EA}.Release|Any CPU.Build.0 = Release|Any CPU
		{B38F647F-628F-498B-98FB-C44CA98EB249}.Debug|Any CPU.ActiveCfg = Debug|Any CPU
		{B38F647F-628F-498B-98FB-C44CA98EB249}.Debug|Any CPU.Build.0 = Debug|Any CPU
		{B38F647F-628F-498B-98FB-C44CA98EB249}.Release|Any CPU.ActiveCfg = Release|Any CPU
		{B38F647F-628F-498B-98FB-C44CA98EB249}.Release|Any CPU.Build.0 = Release|Any CPU
		{C2314C34-0F37-451F-AB58-8EA10FCC8D00}.Debug|Any CPU.ActiveCfg = Debug|Any CPU
		{C2314C34-0F37-451F-AB58-8EA10FCC8D00}.Debug|Any CPU.Build.0 = Debug|Any CPU
		{C2314C34-0F37-451F-AB58-8EA10FCC8D00}.Release|Any CPU.ActiveCfg = Release|Any CPU
		{C2314C34-0F37-451F-AB58-8EA10FCC8D00}.Release|Any CPU.Build.0 = Release|Any CPU
		{A104007F-1796-4925-9E5A-D85C84988063}.Debug|Any CPU.ActiveCfg = Debug|Any CPU
		{A104007F-1796-4925-9E5A-D85C84988063}.Debug|Any CPU.Build.0 = Debug|Any CPU
		{A104007F-1796-4925-9E5A-D85C84988063}.Release|Any CPU.ActiveCfg = Release|Any CPU
		{A104007F-1796-4925-9E5A-D85C84988063}.Release|Any CPU.Build.0 = Release|Any CPU
		{50B5E8F5-545F-4F99-B151-9C7671D7224C}.Debug|Any CPU.ActiveCfg = Debug|Any CPU
		{50B5E8F5-545F-4F99-B151-9C7671D7224C}.Debug|Any CPU.Build.0 = Debug|Any CPU
		{50B5E8F5-545F-4F99-B151-9C7671D7224C}.Release|Any CPU.ActiveCfg = Release|Any CPU
		{50B5E8F5-545F-4F99-B151-9C7671D7224C}.Release|Any CPU.Build.0 = Release|Any CPU
		{94E2F455-16AA-43CC-92D1-6AED69812F77}.Debug|Any CPU.ActiveCfg = Debug|Any CPU
		{94E2F455-16AA-43CC-92D1-6AED69812F77}.Debug|Any CPU.Build.0 = Debug|Any CPU
		{94E2F455-16AA-43CC-92D1-6AED69812F77}.Release|Any CPU.ActiveCfg = Release|Any CPU
		{94E2F455-16AA-43CC-92D1-6AED69812F77}.Release|Any CPU.Build.0 = Release|Any CPU
		{D5E8A9F9-3E24-4244-AB0F-C5CFB98B6204}.Debug|Any CPU.ActiveCfg = Debug|Any CPU
		{D5E8A9F9-3E24-4244-AB0F-C5CFB98B6204}.Debug|Any CPU.Build.0 = Debug|Any CPU
		{D5E8A9F9-3E24-4244-AB0F-C5CFB98B6204}.Release|Any CPU.ActiveCfg = Release|Any CPU
		{D5E8A9F9-3E24-4244-AB0F-C5CFB98B6204}.Release|Any CPU.Build.0 = Release|Any CPU
		{E571D759-9317-428E-A4D1-6DDBCA177199}.Debug|Any CPU.ActiveCfg = Debug|Any CPU
		{E571D759-9317-428E-A4D1-6DDBCA177199}.Debug|Any CPU.Build.0 = Debug|Any CPU
		{E571D759-9317-428E-A4D1-6DDBCA177199}.Release|Any CPU.ActiveCfg = Release|Any CPU
		{E571D759-9317-428E-A4D1-6DDBCA177199}.Release|Any CPU.Build.0 = Release|Any CPU
	EndGlobalSection
EndGlobal
